
Microsoft Visual Studio Solution File, Format Version 12.00
# Visual Studio Version 17
VisualStudioVersion = 17.4.33205.214
MinimumVisualStudioVersion = 10.0.40219.1
Project("{9A19103F-16F7-4668-BE54-9A1E7A4F7556}") = "CapaDatos", "CapaDatos\CapaDatos.csproj", "{57D16477-2F49-4648-BFDC-AEAF6B036D94}"
EndProject
Project("{9A19103F-16F7-4668-BE54-9A1E7A4F7556}") = "CapaNegocio", "CapaNegocio\CapaNegocio.csproj", "{3D41A86C-185D-45AD-A531-FEC0D3991AA6}"
EndProject
Project("{9A19103F-16F7-4668-BE54-9A1E7A4F7556}") = "CapaPresentacion", "CapaPresentacion\CapaPresentacion.csproj", "{91ABDBB8-FDC0-4042-938A-C215185BEABD}"
EndProject
Global
	GlobalSection(SolutionConfigurationPlatforms) = preSolution
		Debug|Any CPU = Debug|Any CPU
		Release|Any CPU = Release|Any CPU
	EndGlobalSection
	GlobalSection(ProjectConfigurationPlatforms) = postSolution
		{57D16477-2F49-4648-BFDC-AEAF6B036D94}.Debug|Any CPU.ActiveCfg = Debug|Any CPU
		{57D16477-2F49-4648-BFDC-AEAF6B036D94}.Debug|Any CPU.Build.0 = Debug|Any CPU
		{57D16477-2F49-4648-BFDC-AEAF6B036D94}.Release|Any CPU.ActiveCfg = Release|Any CPU
		{57D16477-2F49-4648-BFDC-AEAF6B036D94}.Release|Any CPU.Build.0 = Release|Any CPU
		{3D41A86C-185D-45AD-A531-FEC0D3991AA6}.Debug|Any CPU.ActiveCfg = Debug|Any CPU
		{3D41A86C-185D-45AD-A531-FEC0D3991AA6}.Debug|Any CPU.Build.0 = Debug|Any CPU
		{3D41A86C-185D-45AD-A531-FEC0D3991AA6}.Release|Any CPU.ActiveCfg = Release|Any CPU
		{3D41A86C-185D-45AD-A531-FEC0D3991AA6}.Release|Any CPU.Build.0 = Release|Any CPU
		{91ABDBB8-FDC0-4042-938A-C215185BEABD}.Debug|Any CPU.ActiveCfg = Debug|Any CPU
		{91ABDBB8-FDC0-4042-938A-C215185BEABD}.Debug|Any CPU.Build.0 = Debug|Any CPU
		{91ABDBB8-FDC0-4042-938A-C215185BEABD}.Release|Any CPU.ActiveCfg = Release|Any CPU
		{91ABDBB8-FDC0-4042-938A-C215185BEABD}.Release|Any CPU.Build.0 = Release|Any CPU
	EndGlobalSection
	GlobalSection(SolutionProperties) = preSolution
		HideSolutionNode = FALSE
	EndGlobalSection
	GlobalSection(ExtensibilityGlobals) = postSolution
		SolutionGuid = {6D0FCDA5-B332-4FC6-9899-3B304721CD44}
	EndGlobalSection
EndGlobal
